
Microsoft Visual Studio Solution File, Format Version 12.00
# Visual Studio Version 16
VisualStudioVersion = 16.0.30621.155
MinimumVisualStudioVersion = 10.0.40219.1
Project("{2150E333-8FDC-42A3-9474-1A3956D46DE8}") = "src", "src", "{F4494C89-014F-40D2-AF99-D11AA6D69334}"
EndProject
Project("{2150E333-8FDC-42A3-9474-1A3956D46DE8}") = "Servicos", "Servicos", "{4D6F11CF-C455-4CB4-B191-8CEFCD500259}"
EndProject
Project("{2150E333-8FDC-42A3-9474-1A3956D46DE8}") = "Dominio", "Dominio", "{D768DCC3-FBF2-4874-8EEB-872388D01C93}"
EndProject
Project("{2150E333-8FDC-42A3-9474-1A3956D46DE8}") = "Web", "Web", "{2BF599C5-DEBB-4852-B104-8012791F36F4}"
EndProject
Project("{2150E333-8FDC-42A3-9474-1A3956D46DE8}") = "Data", "Data", "{2A59FF9D-D2D8-4F0F-A2A1-8C6CC8CA5021}"
EndProject
Project("{9A19103F-16F7-4668-BE54-9A1E7A4F7556}") = "TDJ.MVC", "src\web\TDJ.MVC\TDJ.MVC.csproj", "{0D32EC0F-D734-4FCB-B019-F29A1DB237A0}"
EndProject
Project("{9A19103F-16F7-4668-BE54-9A1E7A4F7556}") = "TDJ.Servicos", "src\servicos\TDJ.Services\TDJ.Servicos.csproj", "{1215EFDE-AFB3-4EFE-82F6-6AF9BE12CCF3}"
EndProject
Project("{2150E333-8FDC-42A3-9474-1A3956D46DE8}") = "MVC", "MVC", "{E83685DE-CFB8-41D9-99E2-63A10812CA2A}"
EndProject
Project("{9A19103F-16F7-4668-BE54-9A1E7A4F7556}") = "TDJ.Dominio", "src\dominio\TDJ.Dominio\TDJ.Dominio.csproj", "{3AE36514-0AF2-459B-A297-EFDEDBF71E1E}"
EndProject
Project("{9A19103F-16F7-4668-BE54-9A1E7A4F7556}") = "TDJ.Data", "src\data\TDJ.Data\TDJ.Data.csproj", "{CE47A2BB-500B-4F83-988A-ADC1C0C2F04A}"
EndProject
Project("{2150E333-8FDC-42A3-9474-1A3956D46DE8}") = "testes", "testes", "{CBC9AD5A-E5A3-48D9-9E64-B7970D2D0347}"
EndProject
Global
	GlobalSection(SolutionConfigurationPlatforms) = preSolution
		Debug|Any CPU = Debug|Any CPU
		Release|Any CPU = Release|Any CPU
	EndGlobalSection
	GlobalSection(ProjectConfigurationPlatforms) = postSolution
		{0D32EC0F-D734-4FCB-B019-F29A1DB237A0}.Debug|Any CPU.ActiveCfg = Debug|Any CPU
		{0D32EC0F-D734-4FCB-B019-F29A1DB237A0}.Debug|Any CPU.Build.0 = Debug|Any CPU
		{0D32EC0F-D734-4FCB-B019-F29A1DB237A0}.Release|Any CPU.ActiveCfg = Release|Any CPU
		{0D32EC0F-D734-4FCB-B019-F29A1DB237A0}.Release|Any CPU.Build.0 = Release|Any CPU
		{1215EFDE-AFB3-4EFE-82F6-6AF9BE12CCF3}.Debug|Any CPU.ActiveCfg = Debug|Any CPU
		{1215EFDE-AFB3-4EFE-82F6-6AF9BE12CCF3}.Debug|Any CPU.Build.0 = Debug|Any CPU
		{1215EFDE-AFB3-4EFE-82F6-6AF9BE12CCF3}.Release|Any CPU.ActiveCfg = Release|Any CPU
		{1215EFDE-AFB3-4EFE-82F6-6AF9BE12CCF3}.Release|Any CPU.Build.0 = Release|Any CPU
		{3AE36514-0AF2-459B-A297-EFDEDBF71E1E}.Debug|Any CPU.ActiveCfg = Debug|Any CPU
		{3AE36514-0AF2-459B-A297-EFDEDBF71E1E}.Debug|Any CPU.Build.0 = Debug|Any CPU
		{3AE36514-0AF2-459B-A297-EFDEDBF71E1E}.Release|Any CPU.ActiveCfg = Release|Any CPU
		{3AE36514-0AF2-459B-A297-EFDEDBF71E1E}.Release|Any CPU.Build.0 = Release|Any CPU
		{CE47A2BB-500B-4F83-988A-ADC1C0C2F04A}.Debug|Any CPU.ActiveCfg = Debug|Any CPU
		{CE47A2BB-500B-4F83-988A-ADC1C0C2F04A}.Debug|Any CPU.Build.0 = Debug|Any CPU
		{CE47A2BB-500B-4F83-988A-ADC1C0C2F04A}.Release|Any CPU.ActiveCfg = Release|Any CPU
		{CE47A2BB-500B-4F83-988A-ADC1C0C2F04A}.Release|Any CPU.Build.0 = Release|Any CPU
	EndGlobalSection
	GlobalSection(SolutionProperties) = preSolution
		HideSolutionNode = FALSE
	EndGlobalSection
	GlobalSection(NestedProjects) = preSolution
		{4D6F11CF-C455-4CB4-B191-8CEFCD500259} = {F4494C89-014F-40D2-AF99-D11AA6D69334}
		{D768DCC3-FBF2-4874-8EEB-872388D01C93} = {F4494C89-014F-40D2-AF99-D11AA6D69334}
		{2BF599C5-DEBB-4852-B104-8012791F36F4} = {F4494C89-014F-40D2-AF99-D11AA6D69334}
		{2A59FF9D-D2D8-4F0F-A2A1-8C6CC8CA5021} = {F4494C89-014F-40D2-AF99-D11AA6D69334}
		{0D32EC0F-D734-4FCB-B019-F29A1DB237A0} = {E83685DE-CFB8-41D9-99E2-63A10812CA2A}
		{1215EFDE-AFB3-4EFE-82F6-6AF9BE12CCF3} = {4D6F11CF-C455-4CB4-B191-8CEFCD500259}
		{E83685DE-CFB8-41D9-99E2-63A10812CA2A} = {2BF599C5-DEBB-4852-B104-8012791F36F4}
		{3AE36514-0AF2-459B-A297-EFDEDBF71E1E} = {D768DCC3-FBF2-4874-8EEB-872388D01C93}
		{CE47A2BB-500B-4F83-988A-ADC1C0C2F04A} = {2A59FF9D-D2D8-4F0F-A2A1-8C6CC8CA5021}
	EndGlobalSection
	GlobalSection(ExtensibilityGlobals) = postSolution
		SolutionGuid = {F0C40302-73BB-49D8-A183-59058F101F23}
	EndGlobalSection
EndGlobal
